
Microsoft Visual Studio Solution File, Format Version 12.00
# Visual Studio Version 17
VisualStudioVersion = 17.14.36203.30 d17.14
MinimumVisualStudioVersion = 10.0.40219.1
Project("{FAE04EC0-301F-11D3-BF4B-00C04F79EFBC}") = "Prism.Vanilla.Billboard", "Prism.Vanilla.Billboard\Prism.Vanilla.Billboard.csproj", "{20DCAA1B-A26A-A9DA-E8ED-C2D7F7859309}"
EndProject
Project("{FAE04EC0-301F-11D3-BF4B-00C04F79EFBC}") = "Prism.Maths", "Prism.Maths\Prism.Maths.csproj", "{3254897A-8344-ADD3-B3A9-04196AAA27B7}"
EndProject
Project("{FAE04EC0-301F-11D3-BF4B-00C04F79EFBC}") = "Prism.Common", "Prism.Common\Prism.Common.csproj", "{48A1E4E9-B4D0-E4A3-6FF0-A0EB2B492FB1}"
EndProject
Global
	GlobalSection(SolutionConfigurationPlatforms) = preSolution
		D3D_DEBUG|Any CPU = D3D_DEBUG|Any CPU
		Debug|Any CPU = Debug|Any CPU
		Release|Any CPU = Release|Any CPU
	EndGlobalSection
	GlobalSection(ProjectConfigurationPlatforms) = postSolution
		{20DCAA1B-A26A-A9DA-E8ED-C2D7F7859309}.D3D_DEBUG|Any CPU.ActiveCfg = D3D_DEBUG|Any CPU
		{20DCAA1B-A26A-A9DA-E8ED-C2D7F7859309}.D3D_DEBUG|Any CPU.Build.0 = D3D_DEBUG|Any CPU
		{20DCAA1B-A26A-A9DA-E8ED-C2D7F7859309}.Debug|Any CPU.ActiveCfg = Debug|Any CPU
		{20DCAA1B-A26A-A9DA-E8ED-C2D7F7859309}.Debug|Any CPU.Build.0 = Debug|Any CPU
		{20DCAA1B-A26A-A9DA-E8ED-C2D7F7859309}.Release|Any CPU.ActiveCfg = Release|Any CPU
		{20DCAA1B-A26A-A9DA-E8ED-C2D7F7859309}.Release|Any CPU.Build.0 = Release|Any CPU
		{3254897A-8344-ADD3-B3A9-04196AAA27B7}.D3D_DEBUG|Any CPU.ActiveCfg = D3D_DEBUG|Any CPU
		{3254897A-8344-ADD3-B3A9-04196AAA27B7}.D3D_DEBUG|Any CPU.Build.0 = D3D_DEBUG|Any CPU
		{3254897A-8344-ADD3-B3A9-04196AAA27B7}.Debug|Any CPU.ActiveCfg = Debug|Any CPU
		{3254897A-8344-ADD3-B3A9-04196AAA27B7}.Debug|Any CPU.Build.0 = Debug|Any CPU
		{3254897A-8344-ADD3-B3A9-04196AAA27B7}.Release|Any CPU.ActiveCfg = Release|Any CPU
		{3254897A-8344-ADD3-B3A9-04196AAA27B7}.Release|Any CPU.Build.0 = Release|Any CPU
		{48A1E4E9-B4D0-E4A3-6FF0-A0EB2B492FB1}.D3D_DEBUG|Any CPU.ActiveCfg = Release|Any CPU
		{48A1E4E9-B4D0-E4A3-6FF0-A0EB2B492FB1}.D3D_DEBUG|Any CPU.Build.0 = Release|Any CPU
		{48A1E4E9-B4D0-E4A3-6FF0-A0EB2B492FB1}.Debug|Any CPU.ActiveCfg = Debug|Any CPU
		{48A1E4E9-B4D0-E4A3-6FF0-A0EB2B492FB1}.Debug|Any CPU.Build.0 = Debug|Any CPU
		{48A1E4E9-B4D0-E4A3-6FF0-A0EB2B492FB1}.Release|Any CPU.ActiveCfg = Release|Any CPU
		{48A1E4E9-B4D0-E4A3-6FF0-A0EB2B492FB1}.Release|Any CPU.Build.0 = Release|Any CPU
	EndGlobalSection
	GlobalSection(SolutionProperties) = preSolution
		HideSolutionNode = FALSE
	EndGlobalSection
	GlobalSection(ExtensibilityGlobals) = postSolution
		SolutionGuid = {95D02A15-6B1E-4F5E-BAC2-008A8D5FF64A}
	EndGlobalSection
EndGlobal
